// !$*UTF8*$!
{
	archiveVersion = 1;
	classes = {
	};
	objectVersion = 50;
	objects = {

/* Begin PBXBuildFile section */
		440E1725251473AC002F3FB5 /* AppDelegate.swift in Sources */ = {isa = PBXBuildFile; fileRef = 440E1724251473AC002F3FB5 /* AppDelegate.swift */; };
		440E1727251473AC002F3FB5 /* SceneDelegate.swift in Sources */ = {isa = PBXBuildFile; fileRef = 440E1726251473AC002F3FB5 /* SceneDelegate.swift */; };
		440E1729251473AC002F3FB5 /* TodayForecastViewController.swift in Sources */ = {isa = PBXBuildFile; fileRef = 440E1728251473AC002F3FB5 /* TodayForecastViewController.swift */; };
		440E172C251473AC002F3FB5 /* Main.storyboard in Resources */ = {isa = PBXBuildFile; fileRef = 440E172A251473AC002F3FB5 /* Main.storyboard */; };
		440E172E251473AF002F3FB5 /* Assets.xcassets in Resources */ = {isa = PBXBuildFile; fileRef = 440E172D251473AF002F3FB5 /* Assets.xcassets */; };
		440E1731251473AF002F3FB5 /* LaunchScreen.storyboard in Resources */ = {isa = PBXBuildFile; fileRef = 440E172F251473AF002F3FB5 /* LaunchScreen.storyboard */; };
		440E173C25148A3D002F3FB5 /* LocationService.swift in Sources */ = {isa = PBXBuildFile; fileRef = 440E173B25148A3D002F3FB5 /* LocationService.swift */; };
		440E173E2514F125002F3FB5 /* CurrentWeatherModel.swift in Sources */ = {isa = PBXBuildFile; fileRef = 440E173D2514F125002F3FB5 /* CurrentWeatherModel.swift */; };
		440E17442515041F002F3FB5 /* TodayNetworkService.swift in Sources */ = {isa = PBXBuildFile; fileRef = 440E17432515041F002F3FB5 /* TodayNetworkService.swift */; };
		440E174625150A19002F3FB5 /* TodayForecastPresenter.swift in Sources */ = {isa = PBXBuildFile; fileRef = 440E174525150A19002F3FB5 /* TodayForecastPresenter.swift */; };
		441819C2251624FD00BF4320 /* ModuleBuilder.swift in Sources */ = {isa = PBXBuildFile; fileRef = 441819C1251624FD00BF4320 /* ModuleBuilder.swift */; };
		441819C7251743F500BF4320 /* WeekForecastModelsForJSON.swift in Sources */ = {isa = PBXBuildFile; fileRef = 441819C6251743F500BF4320 /* WeekForecastModelsForJSON.swift */; };
		441819C925174F4500BF4320 /* WeekForecastViewModel.swift in Sources */ = {isa = PBXBuildFile; fileRef = 441819C825174F4500BF4320 /* WeekForecastViewModel.swift */; };
		441819CB25175B5A00BF4320 /* WeekForecastViewController.swift in Sources */ = {isa = PBXBuildFile; fileRef = 441819CA25175B5A00BF4320 /* WeekForecastViewController.swift */; };
		441819CD2517601800BF4320 /* WeekNetworkService.swift in Sources */ = {isa = PBXBuildFile; fileRef = 441819CC2517601800BF4320 /* WeekNetworkService.swift */; };
		441819CF2517666D00BF4320 /* WeekForecastPresenter.swift in Sources */ = {isa = PBXBuildFile; fileRef = 441819CE2517666D00BF4320 /* WeekForecastPresenter.swift */; };
		441819D12517B69400BF4320 /* ForecastCell.swift in Sources */ = {isa = PBXBuildFile; fileRef = 441819D02517B69400BF4320 /* ForecastCell.swift */; };
/* End PBXBuildFile section */

/* Begin PBXFileReference section */
		440E1721251473AC002F3FB5 /* WeatherApp.app */ = {isa = PBXFileReference; explicitFileType = wrapper.application; includeInIndex = 0; path = WeatherApp.app; sourceTree = BUILT_PRODUCTS_DIR; };
		440E1724251473AC002F3FB5 /* AppDelegate.swift */ = {isa = PBXFileReference; lastKnownFileType = sourcecode.swift; path = AppDelegate.swift; sourceTree = "<group>"; };
		440E1726251473AC002F3FB5 /* SceneDelegate.swift */ = {isa = PBXFileReference; lastKnownFileType = sourcecode.swift; path = SceneDelegate.swift; sourceTree = "<group>"; };
		440E1728251473AC002F3FB5 /* TodayForecastViewController.swift */ = {isa = PBXFileReference; lastKnownFileType = sourcecode.swift; path = TodayForecastViewController.swift; sourceTree = "<group>"; };
		440E172B251473AC002F3FB5 /* Base */ = {isa = PBXFileReference; lastKnownFileType = file.storyboard; name = Base; path = Base.lproj/Main.storyboard; sourceTree = "<group>"; };
		440E172D251473AF002F3FB5 /* Assets.xcassets */ = {isa = PBXFileReference; lastKnownFileType = folder.assetcatalog; path = Assets.xcassets; sourceTree = "<group>"; };
		440E1730251473AF002F3FB5 /* Base */ = {isa = PBXFileReference; lastKnownFileType = file.storyboard; name = Base; path = Base.lproj/LaunchScreen.storyboard; sourceTree = "<group>"; };
		440E1732251473AF002F3FB5 /* Info.plist */ = {isa = PBXFileReference; lastKnownFileType = text.plist.xml; path = Info.plist; sourceTree = "<group>"; };
		440E173B25148A3D002F3FB5 /* LocationService.swift */ = {isa = PBXFileReference; lastKnownFileType = sourcecode.swift; path = LocationService.swift; sourceTree = "<group>"; };
		440E173D2514F125002F3FB5 /* CurrentWeatherModel.swift */ = {isa = PBXFileReference; lastKnownFileType = sourcecode.swift; path = CurrentWeatherModel.swift; sourceTree = "<group>"; };
		440E17432515041F002F3FB5 /* TodayNetworkService.swift */ = {isa = PBXFileReference; lastKnownFileType = sourcecode.swift; path = TodayNetworkService.swift; sourceTree = "<group>"; };
		440E174525150A19002F3FB5 /* TodayForecastPresenter.swift */ = {isa = PBXFileReference; lastKnownFileType = sourcecode.swift; path = TodayForecastPresenter.swift; sourceTree = "<group>"; };
		441819C1251624FD00BF4320 /* ModuleBuilder.swift */ = {isa = PBXFileReference; lastKnownFileType = sourcecode.swift; path = ModuleBuilder.swift; sourceTree = "<group>"; };
		441819C6251743F500BF4320 /* WeekForecastModelsForJSON.swift */ = {isa = PBXFileReference; lastKnownFileType = sourcecode.swift; path = WeekForecastModelsForJSON.swift; sourceTree = "<group>"; };
		441819C825174F4500BF4320 /* WeekForecastViewModel.swift */ = {isa = PBXFileReference; lastKnownFileType = sourcecode.swift; path = WeekForecastViewModel.swift; sourceTree = "<group>"; };
		441819CA25175B5A00BF4320 /* WeekForecastViewController.swift */ = {isa = PBXFileReference; lastKnownFileType = sourcecode.swift; path = WeekForecastViewController.swift; sourceTree = "<group>"; };
		441819CC2517601800BF4320 /* WeekNetworkService.swift */ = {isa = PBXFileReference; lastKnownFileType = sourcecode.swift; path = WeekNetworkService.swift; sourceTree = "<group>"; };
		441819CE2517666D00BF4320 /* WeekForecastPresenter.swift */ = {isa = PBXFileReference; lastKnownFileType = sourcecode.swift; path = WeekForecastPresenter.swift; sourceTree = "<group>"; };
		441819D02517B69400BF4320 /* ForecastCell.swift */ = {isa = PBXFileReference; lastKnownFileType = sourcecode.swift; path = ForecastCell.swift; sourceTree = "<group>"; };
/* End PBXFileReference section */

/* Begin PBXFrameworksBuildPhase section */
		440E171E251473AC002F3FB5 /* Frameworks */ = {
			isa = PBXFrameworksBuildPhase;
			buildActionMask = 2147483647;
			files = (
			);
			runOnlyForDeploymentPostprocessing = 0;
		};
/* End PBXFrameworksBuildPhase section */

/* Begin PBXGroup section */
		440E1718251473AC002F3FB5 = {
			isa = PBXGroup;
			children = (
				440E1723251473AC002F3FB5 /* WeatherApp */,
				440E1722251473AC002F3FB5 /* Products */,
			);
			sourceTree = "<group>";
		};
		440E1722251473AC002F3FB5 /* Products */ = {
			isa = PBXGroup;
			children = (
				440E1721251473AC002F3FB5 /* WeatherApp.app */,
			);
			name = Products;
			sourceTree = "<group>";
		};
		440E1723251473AC002F3FB5 /* WeatherApp */ = {
			isa = PBXGroup;
			children = (
				441819C1251624FD00BF4320 /* ModuleBuilder.swift */,
				440E173F2514F86A002F3FB5 /* Services */,
				440E17392514740A002F3FB5 /* TodayModule */,
				440E173A25147424002F3FB5 /* WeekModule */,
				440E1726251473AC002F3FB5 /* SceneDelegate.swift */,
				440E1724251473AC002F3FB5 /* AppDelegate.swift */,
				440E172A251473AC002F3FB5 /* Main.storyboard */,
				440E172D251473AF002F3FB5 /* Assets.xcassets */,
				440E172F251473AF002F3FB5 /* LaunchScreen.storyboard */,
				440E1732251473AF002F3FB5 /* Info.plist */,
			);
			path = WeatherApp;
			sourceTree = "<group>";
		};
		440E17392514740A002F3FB5 /* TodayModule */ = {
			isa = PBXGroup;
			children = (
				440E17422514FEC7002F3FB5 /* Presenters */,
				440E17412514FEB4002F3FB5 /* Views */,
				440E17402514FE98002F3FB5 /* Models */,
			);
			path = TodayModule;
			sourceTree = "<group>";
		};
		440E173A25147424002F3FB5 /* WeekModule */ = {
			isa = PBXGroup;
			children = (
				441819C3251742DD00BF4320 /* Presenters */,
				441819C52517431D00BF4320 /* Models */,
				441819C42517430500BF4320 /* Views */,
			);
			path = WeekModule;
			sourceTree = "<group>";
		};
		440E173F2514F86A002F3FB5 /* Services */ = {
			isa = PBXGroup;
			children = (
				440E173B25148A3D002F3FB5 /* LocationService.swift */,
				440E17432515041F002F3FB5 /* TodayNetworkService.swift */,
				441819CC2517601800BF4320 /* WeekNetworkService.swift */,
			);
			path = Services;
			sourceTree = "<group>";
		};
		440E17402514FE98002F3FB5 /* Models */ = {
			isa = PBXGroup;
			children = (
				440E173D2514F125002F3FB5 /* CurrentWeatherModel.swift */,
			);
			path = Models;
			sourceTree = "<group>";
		};
		440E17412514FEB4002F3FB5 /* Views */ = {
			isa = PBXGroup;
			children = (
				440E1728251473AC002F3FB5 /* TodayForecastViewController.swift */,
			);
			path = Views;
			sourceTree = "<group>";
		};
		440E17422514FEC7002F3FB5 /* Presenters */ = {
			isa = PBXGroup;
			children = (
				440E174525150A19002F3FB5 /* TodayForecastPresenter.swift */,
			);
			path = Presenters;
			sourceTree = "<group>";
		};
		441819C3251742DD00BF4320 /* Presenters */ = {
			isa = PBXGroup;
			children = (
				441819CE2517666D00BF4320 /* WeekForecastPresenter.swift */,
			);
			path = Presenters;
			sourceTree = "<group>";
		};
		441819C42517430500BF4320 /* Views */ = {
			isa = PBXGroup;
			children = (
				441819CA25175B5A00BF4320 /* WeekForecastViewController.swift */,
				441819D02517B69400BF4320 /* ForecastCell.swift */,
			);
			path = Views;
			sourceTree = "<group>";
		};
		441819C52517431D00BF4320 /* Models */ = {
			isa = PBXGroup;
			children = (
				441819C6251743F500BF4320 /* WeekForecastModelsForJSON.swift */,
				441819C825174F4500BF4320 /* WeekForecastViewModel.swift */,
			);
			path = Models;
			sourceTree = "<group>";
		};
/* End PBXGroup section */

/* Begin PBXNativeTarget section */
		440E1720251473AC002F3FB5 /* WeatherApp */ = {
			isa = PBXNativeTarget;
			buildConfigurationList = 440E1735251473AF002F3FB5 /* Build configuration list for PBXNativeTarget "WeatherApp" */;
			buildPhases = (
				440E171D251473AC002F3FB5 /* Sources */,
				440E171E251473AC002F3FB5 /* Frameworks */,
				440E171F251473AC002F3FB5 /* Resources */,
			);
			buildRules = (
			);
			dependencies = (
			);
			name = WeatherApp;
			productName = WeatherApp;
			productReference = 440E1721251473AC002F3FB5 /* WeatherApp.app */;
			productType = "com.apple.product-type.application";
		};
/* End PBXNativeTarget section */

/* Begin PBXProject section */
		440E1719251473AC002F3FB5 /* Project object */ = {
			isa = PBXProject;
			attributes = {
				LastSwiftUpdateCheck = 1170;
				LastUpgradeCheck = 1170;
				ORGANIZATIONNAME = "Тимофей Лукашевич";
				TargetAttributes = {
					440E1720251473AC002F3FB5 = {
						CreatedOnToolsVersion = 11.7;
					};
				};
			};
			buildConfigurationList = 440E171C251473AC002F3FB5 /* Build configuration list for PBXProject "WeatherApp" */;
			compatibilityVersion = "Xcode 9.3";
			developmentRegion = en;
			hasScannedForEncodings = 0;
			knownRegions = (
				en,
				Base,
			);
			mainGroup = 440E1718251473AC002F3FB5;
			productRefGroup = 440E1722251473AC002F3FB5 /* Products */;
			projectDirPath = "";
			projectRoot = "";
			targets = (
				440E1720251473AC002F3FB5 /* WeatherApp */,
			);
		};
/* End PBXProject section */

/* Begin PBXResourcesBuildPhase section */
		440E171F251473AC002F3FB5 /* Resources */ = {
			isa = PBXResourcesBuildPhase;
			buildActionMask = 2147483647;
			files = (
				440E1731251473AF002F3FB5 /* LaunchScreen.storyboard in Resources */,
				440E172E251473AF002F3FB5 /* Assets.xcassets in Resources */,
				440E172C251473AC002F3FB5 /* Main.storyboard in Resources */,
			);
			runOnlyForDeploymentPostprocessing = 0;
		};
/* End PBXResourcesBuildPhase section */

/* Begin PBXSourcesBuildPhase section */
		440E171D251473AC002F3FB5 /* Sources */ = {
			isa = PBXSourcesBuildPhase;
			buildActionMask = 2147483647;
			files = (
				440E1729251473AC002F3FB5 /* TodayForecastViewController.swift in Sources */,
				441819CB25175B5A00BF4320 /* WeekForecastViewController.swift in Sources */,
				440E1725251473AC002F3FB5 /* AppDelegate.swift in Sources */,
				440E173C25148A3D002F3FB5 /* LocationService.swift in Sources */,
				441819D12517B69400BF4320 /* ForecastCell.swift in Sources */,
				441819CF2517666D00BF4320 /* WeekForecastPresenter.swift in Sources */,
				441819C2251624FD00BF4320 /* ModuleBuilder.swift in Sources */,
				440E173E2514F125002F3FB5 /* CurrentWeatherModel.swift in Sources */,
				441819CD2517601800BF4320 /* WeekNetworkService.swift in Sources */,
				441819C925174F4500BF4320 /* WeekForecastViewModel.swift in Sources */,
				440E17442515041F002F3FB5 /* TodayNetworkService.swift in Sources */,
				440E174625150A19002F3FB5 /* TodayForecastPresenter.swift in Sources */,
				441819C7251743F500BF4320 /* WeekForecastModelsForJSON.swift in Sources */,
				440E1727251473AC002F3FB5 /* SceneDelegate.swift in Sources */,
			);
			runOnlyForDeploymentPostprocessing = 0;
		};
/* End PBXSourcesBuildPhase section */

/* Begin PBXVariantGroup section */
		440E172A251473AC002F3FB5 /* Main.storyboard */ = {
			isa = PBXVariantGroup;
			children = (
				440E172B251473AC002F3FB5 /* Base */,
			);
			name = Main.storyboard;
			sourceTree = "<group>";
		};
		440E172F251473AF002F3FB5 /* LaunchScreen.storyboard */ = {
			isa = PBXVariantGroup;
			children = (
				440E1730251473AF002F3FB5 /* Base */,
			);
			name = LaunchScreen.storyboard;
			sourceTree = "<group>";
		};
/* End PBXVariantGroup section */

/* Begin XCBuildConfiguration section */
		440E1733251473AF002F3FB5 /* Debug */ = {
			isa = XCBuildConfiguration;
			buildSettings = {
				ALWAYS_SEARCH_USER_PATHS = NO;
				CLANG_ANALYZER_NONNULL = YES;
				CLANG_ANALYZER_NUMBER_OBJECT_CONVERSION = YES_AGGRESSIVE;
				CLANG_CXX_LANGUAGE_STANDARD = "gnu++14";
				CLANG_CXX_LIBRARY = "libc++";
				CLANG_ENABLE_MODULES = YES;
				CLANG_ENABLE_OBJC_ARC = YES;
				CLANG_ENABLE_OBJC_WEAK = YES;
				CLANG_WARN_BLOCK_CAPTURE_AUTORELEASING = YES;
				CLANG_WARN_BOOL_CONVERSION = YES;
				CLANG_WARN_COMMA = YES;
				CLANG_WARN_CONSTANT_CONVERSION = YES;
				CLANG_WARN_DEPRECATED_OBJC_IMPLEMENTATIONS = YES;
				CLANG_WARN_DIRECT_OBJC_ISA_USAGE = YES_ERROR;
				CLANG_WARN_DOCUMENTATION_COMMENTS = YES;
				CLANG_WARN_EMPTY_BODY = YES;
				CLANG_WARN_ENUM_CONVERSION = YES;
				CLANG_WARN_INFINITE_RECURSION = YES;
				CLANG_WARN_INT_CONVERSION = YES;
				CLANG_WARN_NON_LITERAL_NULL_CONVERSION = YES;
				CLANG_WARN_OBJC_IMPLICIT_RETAIN_SELF = YES;
				CLANG_WARN_OBJC_LITERAL_CONVERSION = YES;
				CLANG_WARN_OBJC_ROOT_CLASS = YES_ERROR;
				CLANG_WARN_RANGE_LOOP_ANALYSIS = YES;
				CLANG_WARN_STRICT_PROTOTYPES = YES;
				CLANG_WARN_SUSPICIOUS_MOVE = YES;
				CLANG_WARN_UNGUARDED_AVAILABILITY = YES_AGGRESSIVE;
				CLANG_WARN_UNREACHABLE_CODE = YES;
				CLANG_WARN__DUPLICATE_METHOD_MATCH = YES;
				COPY_PHASE_STRIP = NO;
				DEBUG_INFORMATION_FORMAT = dwarf;
				ENABLE_STRICT_OBJC_MSGSEND = YES;
				ENABLE_TESTABILITY = YES;
				GCC_C_LANGUAGE_STANDARD = gnu11;
				GCC_DYNAMIC_NO_PIC = NO;
				GCC_NO_COMMON_BLOCKS = YES;
				GCC_OPTIMIZATION_LEVEL = 0;
				GCC_PREPROCESSOR_DEFINITIONS = (
					"DEBUG=1",
					"$(inherited)",
				);
				GCC_WARN_64_TO_32_BIT_CONVERSION = YES;
				GCC_WARN_ABOUT_RETURN_TYPE = YES_ERROR;
				GCC_WARN_UNDECLARED_SELECTOR = YES;
				GCC_WARN_UNINITIALIZED_AUTOS = YES_AGGRESSIVE;
				GCC_WARN_UNUSED_FUNCTION = YES;
				GCC_WARN_UNUSED_VARIABLE = YES;
				IPHONEOS_DEPLOYMENT_TARGET = 13.7;
				MTL_ENABLE_DEBUG_INFO = INCLUDE_SOURCE;
				MTL_FAST_MATH = YES;
				ONLY_ACTIVE_ARCH = YES;
				SDKROOT = iphoneos;
				SWIFT_ACTIVE_COMPILATION_CONDITIONS = DEBUG;
				SWIFT_OPTIMIZATION_LEVEL = "-Onone";
			};
			name = Debug;
		};
		440E1734251473AF002F3FB5 /* Release */ = {
			isa = XCBuildConfiguration;
			buildSettings = {
				ALWAYS_SEARCH_USER_PATHS = NO;
				CLANG_ANALYZER_NONNULL = YES;
				CLANG_ANALYZER_NUMBER_OBJECT_CONVERSION = YES_AGGRESSIVE;
				CLANG_CXX_LANGUAGE_STANDARD = "gnu++14";
				CLANG_CXX_LIBRARY = "libc++";
				CLANG_ENABLE_MODULES = YES;
				CLANG_ENABLE_OBJC_ARC = YES;
				CLANG_ENABLE_OBJC_WEAK = YES;
				CLANG_WARN_BLOCK_CAPTURE_AUTORELEASING = YES;
				CLANG_WARN_BOOL_CONVERSION = YES;
				CLANG_WARN_COMMA = YES;
				CLANG_WARN_CONSTANT_CONVERSION = YES;
				CLANG_WARN_DEPRECATED_OBJC_IMPLEMENTATIONS = YES;
				CLANG_WARN_DIRECT_OBJC_ISA_USAGE = YES_ERROR;
				CLANG_WARN_DOCUMENTATION_COMMENTS = YES;
				CLANG_WARN_EMPTY_BODY = YES;
				CLANG_WARN_ENUM_CONVERSION = YES;
				CLANG_WARN_INFINITE_RECURSION = YES;
				CLANG_WARN_INT_CONVERSION = YES;
				CLANG_WARN_NON_LITERAL_NULL_CONVERSION = YES;
				CLANG_WARN_OBJC_IMPLICIT_RETAIN_SELF = YES;
				CLANG_WARN_OBJC_LITERAL_CONVERSION = YES;
				CLANG_WARN_OBJC_ROOT_CLASS = YES_ERROR;
				CLANG_WARN_RANGE_LOOP_ANALYSIS = YES;
				CLANG_WARN_STRICT_PROTOTYPES = YES;
				CLANG_WARN_SUSPICIOUS_MOVE = YES;
				CLANG_WARN_UNGUARDED_AVAILABILITY = YES_AGGRESSIVE;
				CLANG_WARN_UNREACHABLE_CODE = YES;
				CLANG_WARN__DUPLICATE_METHOD_MATCH = YES;
				COPY_PHASE_STRIP = NO;
				DEBUG_INFORMATION_FORMAT = "dwarf-with-dsym";
				ENABLE_NS_ASSERTIONS = NO;
				ENABLE_STRICT_OBJC_MSGSEND = YES;
				GCC_C_LANGUAGE_STANDARD = gnu11;
				GCC_NO_COMMON_BLOCKS = YES;
				GCC_WARN_64_TO_32_BIT_CONVERSION = YES;
				GCC_WARN_ABOUT_RETURN_TYPE = YES_ERROR;
				GCC_WARN_UNDECLARED_SELECTOR = YES;
				GCC_WARN_UNINITIALIZED_AUTOS = YES_AGGRESSIVE;
				GCC_WARN_UNUSED_FUNCTION = YES;
				GCC_WARN_UNUSED_VARIABLE = YES;
				IPHONEOS_DEPLOYMENT_TARGET = 13.7;
				MTL_ENABLE_DEBUG_INFO = NO;
				MTL_FAST_MATH = YES;
				SDKROOT = iphoneos;
				SWIFT_COMPILATION_MODE = wholemodule;
				SWIFT_OPTIMIZATION_LEVEL = "-O";
				VALIDATE_PRODUCT = YES;
			};
			name = Release;
		};
		440E1736251473AF002F3FB5 /* Debug */ = {
			isa = XCBuildConfiguration;
			buildSettings = {
				ASSETCATALOG_COMPILER_APPICON_NAME = AppIcon;
				CODE_SIGN_STYLE = Automatic;
				DEVELOPMENT_TEAM = JSY8H6LPZF;
				INFOPLIST_FILE = WeatherApp/Info.plist;
				LD_RUNPATH_SEARCH_PATHS = (
					"$(inherited)",
					"@executable_path/Frameworks",
				);
				PRODUCT_BUNDLE_IDENTIFIER = com.TimaLuk.WeatherApp;
				PRODUCT_NAME = "$(TARGET_NAME)";
				SWIFT_VERSION = 5.0;
				TARGETED_DEVICE_FAMILY = 1;
			};
			name = Debug;
		};
		440E1737251473AF002F3FB5 /* Release */ = {
			isa = XCBuildConfiguration;
			buildSettings = {
				ASSETCATALOG_COMPILER_APPICON_NAME = AppIcon;
				CODE_SIGN_STYLE = Automatic;
				DEVELOPMENT_TEAM = JSY8H6LPZF;
				INFOPLIST_FILE = WeatherApp/Info.plist;
				LD_RUNPATH_SEARCH_PATHS = (
					"$(inherited)",
					"@executable_path/Frameworks",
				);
				PRODUCT_BUNDLE_IDENTIFIER = com.TimaLuk.WeatherApp;
				PRODUCT_NAME = "$(TARGET_NAME)";
				SWIFT_VERSION = 5.0;
				TARGETED_DEVICE_FAMILY = 1;
			};
			name = Release;
		};
/* End XCBuildConfiguration section */

/* Begin XCConfigurationList section */
		440E171C251473AC002F3FB5 /* Build configuration list for PBXProject "WeatherApp" */ = {
			isa = XCConfigurationList;
			buildConfigurations = (
				440E1733251473AF002F3FB5 /* Debug */,
				440E1734251473AF002F3FB5 /* Release */,
			);
			defaultConfigurationIsVisible = 0;
			defaultConfigurationName = Release;
		};
		440E1735251473AF002F3FB5 /* Build configuration list for PBXNativeTarget "WeatherApp" */ = {
			isa = XCConfigurationList;
			buildConfigurations = (
				440E1736251473AF002F3FB5 /* Debug */,
				440E1737251473AF002F3FB5 /* Release */,
			);
			defaultConfigurationIsVisible = 0;
			defaultConfigurationName = Release;
		};
/* End XCConfigurationList section */
	};
	rootObject = 440E1719251473AC002F3FB5 /* Project object */;
}
